
Microsoft Visual Studio Solution File, Format Version 12.00
# Visual Studio Version 16
VisualStudioVersion = 16.0.29215.179
MinimumVisualStudioVersion = 10.0.40219.1
Project("{9A19103F-16F7-4668-BE54-9A1E7A4F7556}") = "AppConfigDemo", "AppConfigDemo.csproj", "{FD453EC5-87FF-4787-9AD1-D58557589870}"
EndProject
Global
	GlobalSection(SolutionConfigurationPlatforms) = preSolution
		Debug|Any CPU = Debug|Any CPU
		Release|Any CPU = Release|Any CPU
	EndGlobalSection
	GlobalSection(ProjectConfigurationPlatforms) = postSolution
		{FD453EC5-87FF-4787-9AD1-D58557589870}.Debug|Any CPU.ActiveCfg = Debug|Any CPU
		{FD453EC5-87FF-4787-9AD1-D58557589870}.Debug|Any CPU.Build.0 = Debug|Any CPU
		{FD453EC5-87FF-4787-9AD1-D58557589870}.Release|Any CPU.ActiveCfg = Release|Any CPU
		{FD453EC5-87FF-4787-9AD1-D58557589870}.Release|Any CPU.Build.0 = Release|Any CPU
	EndGlobalSection
	GlobalSection(SolutionProperties) = preSolution
		HideSolutionNode = FALSE
	EndGlobalSection
	GlobalSection(ExtensibilityGlobals) = postSolution
		SolutionGuid = {8FE93430-349A-4E87-8601-570B25D542CF}
	EndGlobalSection
EndGlobal
